
Microsoft Visual Studio Solution File, Format Version 12.00
# Visual Studio Version 16
VisualStudioVersion = 16.0.31129.286
MinimumVisualStudioVersion = 10.0.40219.1
Project("{9A19103F-16F7-4668-BE54-9A1E7A4F7556}") = "XIL.AdventOfCode", "XIL.AdventOfCode\XIL.AdventOfCode.csproj", "{B6E1A027-BFAD-4064-A043-8E14BF923CB0}"
EndProject
Project("{9A19103F-16F7-4668-BE54-9A1E7A4F7556}") = "XIL", "XIL\XIL\XIL.csproj", "{4D169F50-F388-4A94-8C96-3AAC9FAEC200}"
EndProject
Project("{9A19103F-16F7-4668-BE54-9A1E7A4F7556}") = "XIL.StandardLibrary", "XIL\XIL.StandardLibrary\XIL.StandardLibrary.csproj", "{7080FBED-5767-4D62-A260-0DBDCB9DCE6C}"
EndProject
Global
	GlobalSection(SolutionConfigurationPlatforms) = preSolution
		Debug|Any CPU = Debug|Any CPU
		Release|Any CPU = Release|Any CPU
	EndGlobalSection
	GlobalSection(ProjectConfigurationPlatforms) = postSolution
		{B6E1A027-BFAD-4064-A043-8E14BF923CB0}.Debug|Any CPU.ActiveCfg = Debug|Any CPU
		{B6E1A027-BFAD-4064-A043-8E14BF923CB0}.Debug|Any CPU.Build.0 = Debug|Any CPU
		{B6E1A027-BFAD-4064-A043-8E14BF923CB0}.Release|Any CPU.ActiveCfg = Release|Any CPU
		{B6E1A027-BFAD-4064-A043-8E14BF923CB0}.Release|Any CPU.Build.0 = Release|Any CPU
		{4D169F50-F388-4A94-8C96-3AAC9FAEC200}.Debug|Any CPU.ActiveCfg = Debug|Any CPU
		{4D169F50-F388-4A94-8C96-3AAC9FAEC200}.Debug|Any CPU.Build.0 = Debug|Any CPU
		{4D169F50-F388-4A94-8C96-3AAC9FAEC200}.Release|Any CPU.ActiveCfg = Release|Any CPU
		{4D169F50-F388-4A94-8C96-3AAC9FAEC200}.Release|Any CPU.Build.0 = Release|Any CPU
		{7080FBED-5767-4D62-A260-0DBDCB9DCE6C}.Debug|Any CPU.ActiveCfg = Debug|Any CPU
		{7080FBED-5767-4D62-A260-0DBDCB9DCE6C}.Debug|Any CPU.Build.0 = Debug|Any CPU
		{7080FBED-5767-4D62-A260-0DBDCB9DCE6C}.Release|Any CPU.ActiveCfg = Release|Any CPU
		{7080FBED-5767-4D62-A260-0DBDCB9DCE6C}.Release|Any CPU.Build.0 = Release|Any CPU
	EndGlobalSection
	GlobalSection(SolutionProperties) = preSolution
		HideSolutionNode = FALSE
	EndGlobalSection
	GlobalSection(ExtensibilityGlobals) = postSolution
		SolutionGuid = {1176BB85-6D59-47DE-A513-D1430E7BE3D0}
	EndGlobalSection
EndGlobal
